// !$*UTF8*$!
{
	archiveVersion = 1;
	classes = {
	};
	objectVersion = 56;
	objects = {

/* Begin PBXBuildFile section */
		80711CAB7901DBEC9E1D23D9 /* libPods-FirstOpenCV.a in Frameworks */ = {isa = PBXBuildFile; fileRef = 57B2B8594F23F837A73B0867 /* libPods-FirstOpenCV.a */; };
		F62D91BD2A8B4F17007FBFF8 /* test.swift in Sources */ = {isa = PBXBuildFile; fileRef = F62D91BC2A8B4F17007FBFF8 /* test.swift */; };
		F696B8F42A8744B600634203 /* AppDelegate.m in Sources */ = {isa = PBXBuildFile; fileRef = F696B8F32A8744B600634203 /* AppDelegate.m */; };
		F696B8F72A8744B600634203 /* SceneDelegate.m in Sources */ = {isa = PBXBuildFile; fileRef = F696B8F62A8744B600634203 /* SceneDelegate.m */; };
		F696B8FA2A8744B600634203 /* ViewController.mm in Sources */ = {isa = PBXBuildFile; fileRef = F696B8F92A8744B600634203 /* ViewController.mm */; };
		F696B8FD2A8744B600634203 /* Main.storyboard in Resources */ = {isa = PBXBuildFile; fileRef = F696B8FB2A8744B600634203 /* Main.storyboard */; };
		F696B8FF2A8744B700634203 /* Assets.xcassets in Resources */ = {isa = PBXBuildFile; fileRef = F696B8FE2A8744B700634203 /* Assets.xcassets */; };
		F696B9022A8744B700634203 /* LaunchScreen.storyboard in Resources */ = {isa = PBXBuildFile; fileRef = F696B9002A8744B700634203 /* LaunchScreen.storyboard */; };
		F696B9052A8744B700634203 /* main.m in Sources */ = {isa = PBXBuildFile; fileRef = F696B9042A8744B700634203 /* main.m */; };
		F696B90D2A8744ED00634203 /* opencv2.framework in Frameworks */ = {isa = PBXBuildFile; fileRef = F696B90C2A8744ED00634203 /* opencv2.framework */; };
		F696B9102A87462700634203 /* Foundation.framework in Frameworks */ = {isa = PBXBuildFile; fileRef = F696B90F2A87462600634203 /* Foundation.framework */; };
		F696B9122A87464100634203 /* CoreGraphics.framework in Frameworks */ = {isa = PBXBuildFile; fileRef = F696B9112A87464100634203 /* CoreGraphics.framework */; };
		F696B9142A87464B00634203 /* UIKit.framework in Frameworks */ = {isa = PBXBuildFile; fileRef = F696B9132A87464B00634203 /* UIKit.framework */; };
		F696B91C2A87477A00634203 /* openCV.mm in Sources */ = {isa = PBXBuildFile; fileRef = F696B91A2A87477A00634203 /* openCV.mm */; };
		F6E1499C2A8C779100CA7BB9 /* SceneKit.framework in Frameworks */ = {isa = PBXBuildFile; fileRef = F6E1499B2A8C779100CA7BB9 /* SceneKit.framework */; };
/* End PBXBuildFile section */

/* Begin PBXFileReference section */
		3A6F9316EC049E316E04C73A /* Pods-FirstOpenCV.debug.xcconfig */ = {isa = PBXFileReference; includeInIndex = 1; lastKnownFileType = text.xcconfig; name = "Pods-FirstOpenCV.debug.xcconfig"; path = "Target Support Files/Pods-FirstOpenCV/Pods-FirstOpenCV.debug.xcconfig"; sourceTree = "<group>"; };
		57B2B8594F23F837A73B0867 /* libPods-FirstOpenCV.a */ = {isa = PBXFileReference; explicitFileType = archive.ar; includeInIndex = 0; path = "libPods-FirstOpenCV.a"; sourceTree = BUILT_PRODUCTS_DIR; };
		F62D91BB2A8B4F17007FBFF8 /* FirstOpenCV-Bridging-Header.h */ = {isa = PBXFileReference; lastKnownFileType = sourcecode.c.h; path = "FirstOpenCV-Bridging-Header.h"; sourceTree = "<group>"; };
		F62D91BC2A8B4F17007FBFF8 /* test.swift */ = {isa = PBXFileReference; lastKnownFileType = sourcecode.swift; path = test.swift; sourceTree = "<group>"; };
		F696B8EF2A8744B600634203 /* FirstOpenCV.app */ = {isa = PBXFileReference; explicitFileType = wrapper.application; includeInIndex = 0; path = FirstOpenCV.app; sourceTree = BUILT_PRODUCTS_DIR; };
		F696B8F22A8744B600634203 /* AppDelegate.h */ = {isa = PBXFileReference; lastKnownFileType = sourcecode.c.h; path = AppDelegate.h; sourceTree = "<group>"; };
		F696B8F32A8744B600634203 /* AppDelegate.m */ = {isa = PBXFileReference; lastKnownFileType = sourcecode.c.objc; path = AppDelegate.m; sourceTree = "<group>"; };
		F696B8F52A8744B600634203 /* SceneDelegate.h */ = {isa = PBXFileReference; lastKnownFileType = sourcecode.c.h; path = SceneDelegate.h; sourceTree = "<group>"; };
		F696B8F62A8744B600634203 /* SceneDelegate.m */ = {isa = PBXFileReference; lastKnownFileType = sourcecode.c.objc; path = SceneDelegate.m; sourceTree = "<group>"; };
		F696B8F82A8744B600634203 /* ViewController.h */ = {isa = PBXFileReference; lastKnownFileType = sourcecode.c.h; path = ViewController.h; sourceTree = "<group>"; };
		F696B8F92A8744B600634203 /* ViewController.mm */ = {isa = PBXFileReference; lastKnownFileType = sourcecode.cpp.objcpp; path = ViewController.mm; sourceTree = "<group>"; };
		F696B8FC2A8744B600634203 /* Base */ = {isa = PBXFileReference; lastKnownFileType = file.storyboard; name = Base; path = Base.lproj/Main.storyboard; sourceTree = "<group>"; };
		F696B8FE2A8744B700634203 /* Assets.xcassets */ = {isa = PBXFileReference; lastKnownFileType = folder.assetcatalog; path = Assets.xcassets; sourceTree = "<group>"; };
		F696B9012A8744B700634203 /* Base */ = {isa = PBXFileReference; lastKnownFileType = file.storyboard; name = Base; path = Base.lproj/LaunchScreen.storyboard; sourceTree = "<group>"; };
		F696B9032A8744B700634203 /* Info.plist */ = {isa = PBXFileReference; lastKnownFileType = text.plist.xml; path = Info.plist; sourceTree = "<group>"; };
		F696B9042A8744B700634203 /* main.m */ = {isa = PBXFileReference; lastKnownFileType = sourcecode.c.objc; path = main.m; sourceTree = "<group>"; };
		F696B90C2A8744ED00634203 /* opencv2.framework */ = {isa = PBXFileReference; lastKnownFileType = wrapper.framework; path = opencv2.framework; sourceTree = "<group>"; };
		F696B90F2A87462600634203 /* Foundation.framework */ = {isa = PBXFileReference; lastKnownFileType = wrapper.framework; name = Foundation.framework; path = System/Library/Frameworks/Foundation.framework; sourceTree = SDKROOT; };
		F696B9112A87464100634203 /* CoreGraphics.framework */ = {isa = PBXFileReference; lastKnownFileType = wrapper.framework; name = CoreGraphics.framework; path = System/Library/Frameworks/CoreGraphics.framework; sourceTree = SDKROOT; };
		F696B9132A87464B00634203 /* UIKit.framework */ = {isa = PBXFileReference; lastKnownFileType = wrapper.framework; name = UIKit.framework; path = System/Library/Frameworks/UIKit.framework; sourceTree = SDKROOT; };
		F696B91A2A87477A00634203 /* openCV.mm */ = {isa = PBXFileReference; lastKnownFileType = sourcecode.cpp.objcpp; path = openCV.mm; sourceTree = "<group>"; };
		F696B91B2A87477A00634203 /* openCV.hpp */ = {isa = PBXFileReference; lastKnownFileType = sourcecode.cpp.h; path = openCV.hpp; sourceTree = "<group>"; };
		F6E1499B2A8C779100CA7BB9 /* SceneKit.framework */ = {isa = PBXFileReference; lastKnownFileType = wrapper.framework; name = SceneKit.framework; path = System/Library/Frameworks/SceneKit.framework; sourceTree = SDKROOT; };
		FA9BBBD7057E4751E1FD9EE4 /* Pods-FirstOpenCV.release.xcconfig */ = {isa = PBXFileReference; includeInIndex = 1; lastKnownFileType = text.xcconfig; name = "Pods-FirstOpenCV.release.xcconfig"; path = "Target Support Files/Pods-FirstOpenCV/Pods-FirstOpenCV.release.xcconfig"; sourceTree = "<group>"; };
/* End PBXFileReference section */

/* Begin PBXFrameworksBuildPhase section */
		F696B8EC2A8744B600634203 /* Frameworks */ = {
			isa = PBXFrameworksBuildPhase;
			buildActionMask = 2147483647;
			files = (
				F696B9122A87464100634203 /* CoreGraphics.framework in Frameworks */,
				F696B9142A87464B00634203 /* UIKit.framework in Frameworks */,
				F696B90D2A8744ED00634203 /* opencv2.framework in Frameworks */,
				F696B9102A87462700634203 /* Foundation.framework in Frameworks */,
				F6E1499C2A8C779100CA7BB9 /* SceneKit.framework in Frameworks */,
				80711CAB7901DBEC9E1D23D9 /* libPods-FirstOpenCV.a in Frameworks */,
			);
			runOnlyForDeploymentPostprocessing = 0;
		};
/* End PBXFrameworksBuildPhase section */

/* Begin PBXGroup section */
		91CDF617BC10AADF0CF2836F /* Pods */ = {
			isa = PBXGroup;
			children = (
				3A6F9316EC049E316E04C73A /* Pods-FirstOpenCV.debug.xcconfig */,
				FA9BBBD7057E4751E1FD9EE4 /* Pods-FirstOpenCV.release.xcconfig */,
			);
			path = Pods;
			sourceTree = "<group>";
		};
		F696B8E62A8744B600634203 = {
			isa = PBXGroup;
			children = (
				F696B8F12A8744B600634203 /* FirstOpenCV */,
				F696B8F02A8744B600634203 /* Products */,
				F696B90E2A87462600634203 /* Frameworks */,
				91CDF617BC10AADF0CF2836F /* Pods */,
			);
			sourceTree = "<group>";
		};
		F696B8F02A8744B600634203 /* Products */ = {
			isa = PBXGroup;
			children = (
				F696B8EF2A8744B600634203 /* FirstOpenCV.app */,
			);
			name = Products;
			sourceTree = "<group>";
		};
		F696B8F12A8744B600634203 /* FirstOpenCV */ = {
			isa = PBXGroup;
			children = (
				F696B90C2A8744ED00634203 /* opencv2.framework */,
				F696B8F22A8744B600634203 /* AppDelegate.h */,
				F696B8F32A8744B600634203 /* AppDelegate.m */,
				F696B8F52A8744B600634203 /* SceneDelegate.h */,
				F696B8F62A8744B600634203 /* SceneDelegate.m */,
				F696B91B2A87477A00634203 /* openCV.hpp */,
				F696B91A2A87477A00634203 /* openCV.mm */,
				F696B8F82A8744B600634203 /* ViewController.h */,
				F696B8F92A8744B600634203 /* ViewController.mm */,
				F696B8FB2A8744B600634203 /* Main.storyboard */,
				F696B8FE2A8744B700634203 /* Assets.xcassets */,
				F696B9002A8744B700634203 /* LaunchScreen.storyboard */,
				F696B9032A8744B700634203 /* Info.plist */,
				F696B9042A8744B700634203 /* main.m */,
				F62D91BC2A8B4F17007FBFF8 /* test.swift */,
				F62D91BB2A8B4F17007FBFF8 /* FirstOpenCV-Bridging-Header.h */,
			);
			path = FirstOpenCV;
			sourceTree = "<group>";
		};
		F696B90E2A87462600634203 /* Frameworks */ = {
			isa = PBXGroup;
			children = (
				F6E1499B2A8C779100CA7BB9 /* SceneKit.framework */,
				F696B9132A87464B00634203 /* UIKit.framework */,
				F696B9112A87464100634203 /* CoreGraphics.framework */,
				F696B90F2A87462600634203 /* Foundation.framework */,
				57B2B8594F23F837A73B0867 /* libPods-FirstOpenCV.a */,
			);
			name = Frameworks;
			sourceTree = "<group>";
		};
/* End PBXGroup section */

/* Begin PBXNativeTarget section */
		F696B8EE2A8744B600634203 /* FirstOpenCV */ = {
			isa = PBXNativeTarget;
			buildConfigurationList = F696B9082A8744B700634203 /* Build configuration list for PBXNativeTarget "FirstOpenCV" */;
			buildPhases = (
				CE45672907278BB2803FDCF8 /* [CP] Check Pods Manifest.lock */,
				F696B8EB2A8744B600634203 /* Sources */,
				F696B8EC2A8744B600634203 /* Frameworks */,
				F696B8ED2A8744B600634203 /* Resources */,
				C0092A7C71CFF71F97BA7B5B /* [CP] Embed Pods Frameworks */,
			);
			buildRules = (
			);
			dependencies = (
			);
			name = FirstOpenCV;
			productName = FirstOpenCV;
			productReference = F696B8EF2A8744B600634203 /* FirstOpenCV.app */;
			productType = "com.apple.product-type.application";
		};
/* End PBXNativeTarget section */

/* Begin PBXProject section */
		F696B8E72A8744B600634203 /* Project object */ = {
			isa = PBXProject;
			attributes = {
				BuildIndependentTargetsInParallel = 1;
				LastUpgradeCheck = 1410;
				TargetAttributes = {
					F696B8EE2A8744B600634203 = {
						CreatedOnToolsVersion = 14.1;
						LastSwiftMigration = 1430;
					};
				};
			};
			buildConfigurationList = F696B8EA2A8744B600634203 /* Build configuration list for PBXProject "FirstOpenCV" */;
			compatibilityVersion = "Xcode 14.0";
			developmentRegion = en;
			hasScannedForEncodings = 0;
			knownRegions = (
				en,
				Base,
			);
			mainGroup = F696B8E62A8744B600634203;
			productRefGroup = F696B8F02A8744B600634203 /* Products */;
			projectDirPath = "";
			projectRoot = "";
			targets = (
				F696B8EE2A8744B600634203 /* FirstOpenCV */,
			);
		};
/* End PBXProject section */

/* Begin PBXResourcesBuildPhase section */
		F696B8ED2A8744B600634203 /* Resources */ = {
			isa = PBXResourcesBuildPhase;
			buildActionMask = 2147483647;
			files = (
				F696B9022A8744B700634203 /* LaunchScreen.storyboard in Resources */,
				F696B8FF2A8744B700634203 /* Assets.xcassets in Resources */,
				F696B8FD2A8744B600634203 /* Main.storyboard in Resources */,
			);
			runOnlyForDeploymentPostprocessing = 0;
		};
/* End PBXResourcesBuildPhase section */

/* Begin PBXShellScriptBuildPhase section */
		C0092A7C71CFF71F97BA7B5B /* [CP] Embed Pods Frameworks */ = {
			isa = PBXShellScriptBuildPhase;
			buildActionMask = 2147483647;
			files = (
			);
			inputFileListPaths = (
				"${PODS_ROOT}/Target Support Files/Pods-FirstOpenCV/Pods-FirstOpenCV-frameworks-${CONFIGURATION}-input-files.xcfilelist",
			);
			name = "[CP] Embed Pods Frameworks";
			outputFileListPaths = (
				"${PODS_ROOT}/Target Support Files/Pods-FirstOpenCV/Pods-FirstOpenCV-frameworks-${CONFIGURATION}-output-files.xcfilelist",
			);
			runOnlyForDeploymentPostprocessing = 0;
			shellPath = /bin/sh;
			shellScript = "\"${PODS_ROOT}/Target Support Files/Pods-FirstOpenCV/Pods-FirstOpenCV-frameworks.sh\"\n";
			showEnvVarsInLog = 0;
		};
		CE45672907278BB2803FDCF8 /* [CP] Check Pods Manifest.lock */ = {
			isa = PBXShellScriptBuildPhase;
			buildActionMask = 2147483647;
			files = (
			);
			inputFileListPaths = (
			);
			inputPaths = (
				"${PODS_PODFILE_DIR_PATH}/Podfile.lock",
				"${PODS_ROOT}/Manifest.lock",
			);
			name = "[CP] Check Pods Manifest.lock";
			outputFileListPaths = (
			);
			outputPaths = (
				"$(DERIVED_FILE_DIR)/Pods-FirstOpenCV-checkManifestLockResult.txt",
			);
			runOnlyForDeploymentPostprocessing = 0;
			shellPath = /bin/sh;
			shellScript = "diff \"${PODS_PODFILE_DIR_PATH}/Podfile.lock\" \"${PODS_ROOT}/Manifest.lock\" > /dev/null\nif [ $? != 0 ] ; then\n    # print error to STDERR\n    echo \"error: The sandbox is not in sync with the Podfile.lock. Run 'pod install' or update your CocoaPods installation.\" >&2\n    exit 1\nfi\n# This output is used by Xcode 'outputs' to avoid re-running this script phase.\necho \"SUCCESS\" > \"${SCRIPT_OUTPUT_FILE_0}\"\n";
			showEnvVarsInLog = 0;
		};
/* End PBXShellScriptBuildPhase section */

/* Begin PBXSourcesBuildPhase section */
		F696B8EB2A8744B600634203 /* Sources */ = {
			isa = PBXSourcesBuildPhase;
			buildActionMask = 2147483647;
			files = (
				F696B91C2A87477A00634203 /* openCV.mm in Sources */,
				F62D91BD2A8B4F17007FBFF8 /* test.swift in Sources */,
				F696B8FA2A8744B600634203 /* ViewController.mm in Sources */,
				F696B8F42A8744B600634203 /* AppDelegate.m in Sources */,
				F696B9052A8744B700634203 /* main.m in Sources */,
				F696B8F72A8744B600634203 /* SceneDelegate.m in Sources */,
			);
			runOnlyForDeploymentPostprocessing = 0;
		};
/* End PBXSourcesBuildPhase section */

/* Begin PBXVariantGroup section */
		F696B8FB2A8744B600634203 /* Main.storyboard */ = {
			isa = PBXVariantGroup;
			children = (
				F696B8FC2A8744B600634203 /* Base */,
			);
			name = Main.storyboard;
			sourceTree = "<group>";
		};
		F696B9002A8744B700634203 /* LaunchScreen.storyboard */ = {
			isa = PBXVariantGroup;
			children = (
				F696B9012A8744B700634203 /* Base */,
			);
			name = LaunchScreen.storyboard;
			sourceTree = "<group>";
		};
/* End PBXVariantGroup section */

/* Begin XCBuildConfiguration section */
		F696B9062A8744B700634203 /* Debug */ = {
			isa = XCBuildConfiguration;
			buildSettings = {
				ALWAYS_SEARCH_USER_PATHS = NO;
				CLANG_ANALYZER_NONNULL = YES;
				CLANG_ANALYZER_NUMBER_OBJECT_CONVERSION = YES_AGGRESSIVE;
				CLANG_CXX_LANGUAGE_STANDARD = "gnu++20";
				CLANG_ENABLE_MODULES = YES;
				CLANG_ENABLE_OBJC_ARC = YES;
				CLANG_ENABLE_OBJC_WEAK = YES;
				CLANG_WARN_BLOCK_CAPTURE_AUTORELEASING = YES;
				CLANG_WARN_BOOL_CONVERSION = YES;
				CLANG_WARN_COMMA = YES;
				CLANG_WARN_CONSTANT_CONVERSION = YES;
				CLANG_WARN_DEPRECATED_OBJC_IMPLEMENTATIONS = YES;
				CLANG_WARN_DIRECT_OBJC_ISA_USAGE = YES_ERROR;
				CLANG_WARN_DOCUMENTATION_COMMENTS = YES;
				CLANG_WARN_EMPTY_BODY = YES;
				CLANG_WARN_ENUM_CONVERSION = YES;
				CLANG_WARN_INFINITE_RECURSION = YES;
				CLANG_WARN_INT_CONVERSION = YES;
				CLANG_WARN_NON_LITERAL_NULL_CONVERSION = YES;
				CLANG_WARN_OBJC_IMPLICIT_RETAIN_SELF = YES;
				CLANG_WARN_OBJC_LITERAL_CONVERSION = YES;
				CLANG_WARN_OBJC_ROOT_CLASS = YES_ERROR;
				CLANG_WARN_QUOTED_INCLUDE_IN_FRAMEWORK_HEADER = YES;
				CLANG_WARN_RANGE_LOOP_ANALYSIS = YES;
				CLANG_WARN_STRICT_PROTOTYPES = YES;
				CLANG_WARN_SUSPICIOUS_MOVE = YES;
				CLANG_WARN_UNGUARDED_AVAILABILITY = YES_AGGRESSIVE;
				CLANG_WARN_UNREACHABLE_CODE = YES;
				CLANG_WARN__DUPLICATE_METHOD_MATCH = YES;
				COPY_PHASE_STRIP = NO;
				DEBUG_INFORMATION_FORMAT = dwarf;
				ENABLE_STRICT_OBJC_MSGSEND = YES;
				ENABLE_TESTABILITY = YES;
				GCC_C_LANGUAGE_STANDARD = gnu11;
				GCC_DYNAMIC_NO_PIC = NO;
				GCC_NO_COMMON_BLOCKS = YES;
				GCC_OPTIMIZATION_LEVEL = 0;
				GCC_PREPROCESSOR_DEFINITIONS = (
					"DEBUG=1",
					"$(inherited)",
				);
				GCC_WARN_64_TO_32_BIT_CONVERSION = YES;
				GCC_WARN_ABOUT_RETURN_TYPE = YES_ERROR;
				GCC_WARN_UNDECLARED_SELECTOR = YES;
				GCC_WARN_UNINITIALIZED_AUTOS = YES_AGGRESSIVE;
				GCC_WARN_UNUSED_FUNCTION = YES;
				GCC_WARN_UNUSED_VARIABLE = YES;
				IPHONEOS_DEPLOYMENT_TARGET = 16.1;
				MTL_ENABLE_DEBUG_INFO = INCLUDE_SOURCE;
				MTL_FAST_MATH = YES;
				ONLY_ACTIVE_ARCH = YES;
				SDKROOT = iphoneos;
			};
			name = Debug;
		};
		F696B9072A8744B700634203 /* Release */ = {
			isa = XCBuildConfiguration;
			buildSettings = {
				ALWAYS_SEARCH_USER_PATHS = NO;
				CLANG_ANALYZER_NONNULL = YES;
				CLANG_ANALYZER_NUMBER_OBJECT_CONVERSION = YES_AGGRESSIVE;
				CLANG_CXX_LANGUAGE_STANDARD = "gnu++20";
				CLANG_ENABLE_MODULES = YES;
				CLANG_ENABLE_OBJC_ARC = YES;
				CLANG_ENABLE_OBJC_WEAK = YES;
				CLANG_WARN_BLOCK_CAPTURE_AUTORELEASING = YES;
				CLANG_WARN_BOOL_CONVERSION = YES;
				CLANG_WARN_COMMA = YES;
				CLANG_WARN_CONSTANT_CONVERSION = YES;
				CLANG_WARN_DEPRECATED_OBJC_IMPLEMENTATIONS = YES;
				CLANG_WARN_DIRECT_OBJC_ISA_USAGE = YES_ERROR;
				CLANG_WARN_DOCUMENTATION_COMMENTS = YES;
				CLANG_WARN_EMPTY_BODY = YES;
				CLANG_WARN_ENUM_CONVERSION = YES;
				CLANG_WARN_INFINITE_RECURSION = YES;
				CLANG_WARN_INT_CONVERSION = YES;
				CLANG_WARN_NON_LITERAL_NULL_CONVERSION = YES;
				CLANG_WARN_OBJC_IMPLICIT_RETAIN_SELF = YES;
				CLANG_WARN_OBJC_LITERAL_CONVERSION = YES;
				CLANG_WARN_OBJC_ROOT_CLASS = YES_ERROR;
				CLANG_WARN_QUOTED_INCLUDE_IN_FRAMEWORK_HEADER = YES;
				CLANG_WARN_RANGE_LOOP_ANALYSIS = YES;
				CLANG_WARN_STRICT_PROTOTYPES = YES;
				CLANG_WARN_SUSPICIOUS_MOVE = YES;
				CLANG_WARN_UNGUARDED_AVAILABILITY = YES_AGGRESSIVE;
				CLANG_WARN_UNREACHABLE_CODE = YES;
				CLANG_WARN__DUPLICATE_METHOD_MATCH = YES;
				COPY_PHASE_STRIP = NO;
				DEBUG_INFORMATION_FORMAT = "dwarf-with-dsym";
				ENABLE_NS_ASSERTIONS = NO;
				ENABLE_STRICT_OBJC_MSGSEND = YES;
				GCC_C_LANGUAGE_STANDARD = gnu11;
				GCC_NO_COMMON_BLOCKS = YES;
				GCC_WARN_64_TO_32_BIT_CONVERSION = YES;
				GCC_WARN_ABOUT_RETURN_TYPE = YES_ERROR;
				GCC_WARN_UNDECLARED_SELECTOR = YES;
				GCC_WARN_UNINITIALIZED_AUTOS = YES_AGGRESSIVE;
				GCC_WARN_UNUSED_FUNCTION = YES;
				GCC_WARN_UNUSED_VARIABLE = YES;
				IPHONEOS_DEPLOYMENT_TARGET = 16.1;
				MTL_ENABLE_DEBUG_INFO = NO;
				MTL_FAST_MATH = YES;
				SDKROOT = iphoneos;
				VALIDATE_PRODUCT = YES;
			};
			name = Release;
		};
		F696B9092A8744B700634203 /* Debug */ = {
			isa = XCBuildConfiguration;
			baseConfigurationReference = 3A6F9316EC049E316E04C73A /* Pods-FirstOpenCV.debug.xcconfig */;
			buildSettings = {
				ASSETCATALOG_COMPILER_APPICON_NAME = AppIcon;
				ASSETCATALOG_COMPILER_GLOBAL_ACCENT_COLOR_NAME = AccentColor;
				CLANG_ENABLE_MODULES = YES;
				CODE_SIGN_STYLE = Automatic;
				CURRENT_PROJECT_VERSION = 1;
				DEVELOPMENT_TEAM = C4HH236MR9;
				FRAMEWORK_SEARCH_PATHS = (
					"$(inherited)",
					"$(PROJECT_DIR)/FirstOpenCV",
				);
				GCC_NO_COMMON_BLOCKS = NO;
				GENERATE_INFOPLIST_FILE = YES;
				INFOPLIST_FILE = FirstOpenCV/Info.plist;
				INFOPLIST_KEY_UIApplicationSupportsIndirectInputEvents = YES;
				INFOPLIST_KEY_UILaunchStoryboardName = LaunchScreen;
				INFOPLIST_KEY_UIMainStoryboardFile = Main;
				INFOPLIST_KEY_UISupportedInterfaceOrientations_iPad = "UIInterfaceOrientationPortrait UIInterfaceOrientationPortraitUpsideDown UIInterfaceOrientationLandscapeLeft UIInterfaceOrientationLandscapeRight";
				INFOPLIST_KEY_UISupportedInterfaceOrientations_iPhone = "UIInterfaceOrientationPortrait UIInterfaceOrientationLandscapeLeft UIInterfaceOrientationLandscapeRight";
				IPHONEOS_DEPLOYMENT_TARGET = 13.1;
				LD_RUNPATH_SEARCH_PATHS = (
					"$(inherited)",
					"@executable_path/Frameworks",
				);
				MARKETING_VERSION = 1.0;
				PRODUCT_BUNDLE_IDENTIFIER = com.hello.jiemao;
				PRODUCT_NAME = "$(TARGET_NAME)";
				SWIFT_EMIT_LOC_STRINGS = YES;
				SWIFT_OBJC_BRIDGING_HEADER = "FirstOpenCV/FirstOpenCV-Bridging-Header.h";
				SWIFT_OPTIMIZATION_LEVEL = "-Onone";
				SWIFT_VERSION = 5.0;
				TARGETED_DEVICE_FAMILY = "1,2";
			};
			name = Debug;
		};
		F696B90A2A8744B700634203 /* Release */ = {
			isa = XCBuildConfiguration;
			baseConfigurationReference = FA9BBBD7057E4751E1FD9EE4 /* Pods-FirstOpenCV.release.xcconfig */;
			buildSettings = {
				ASSETCATALOG_COMPILER_APPICON_NAME = AppIcon;
				ASSETCATALOG_COMPILER_GLOBAL_ACCENT_COLOR_NAME = AccentColor;
				CLANG_ENABLE_MODULES = YES;
				CODE_SIGN_STYLE = Automatic;
				CURRENT_PROJECT_VERSION = 1;
				DEVELOPMENT_TEAM = C4HH236MR9;
				FRAMEWORK_SEARCH_PATHS = (
					"$(inherited)",
					"$(PROJECT_DIR)/FirstOpenCV",
				);
				GCC_NO_COMMON_BLOCKS = NO;
				GENERATE_INFOPLIST_FILE = YES;
				INFOPLIST_FILE = FirstOpenCV/Info.plist;
				INFOPLIST_KEY_UIApplicationSupportsIndirectInputEvents = YES;
				INFOPLIST_KEY_UILaunchStoryboardName = LaunchScreen;
				INFOPLIST_KEY_UIMainStoryboardFile = Main;
				INFOPLIST_KEY_UISupportedInterfaceOrientations_iPad = "UIInterfaceOrientationPortrait UIInterfaceOrientationPortraitUpsideDown UIInterfaceOrientationLandscapeLeft UIInterfaceOrientationLandscapeRight";
				INFOPLIST_KEY_UISupportedInterfaceOrientations_iPhone = "UIInterfaceOrientationPortrait UIInterfaceOrientationLandscapeLeft UIInterfaceOrientationLandscapeRight";
				IPHONEOS_DEPLOYMENT_TARGET = 13.1;
				LD_RUNPATH_SEARCH_PATHS = (
					"$(inherited)",
					"@executable_path/Frameworks",
				);
				MARKETING_VERSION = 1.0;
				PRODUCT_BUNDLE_IDENTIFIER = com.hello.jiemao;
				PRODUCT_NAME = "$(TARGET_NAME)";
				SWIFT_EMIT_LOC_STRINGS = YES;
				SWIFT_OBJC_BRIDGING_HEADER = "FirstOpenCV/FirstOpenCV-Bridging-Header.h";
				SWIFT_VERSION = 5.0;
				TARGETED_DEVICE_FAMILY = "1,2";
			};
			name = Release;
		};
/* End XCBuildConfiguration section */

/* Begin XCConfigurationList section */
		F696B8EA2A8744B600634203 /* Build configuration list for PBXProject "FirstOpenCV" */ = {
			isa = XCConfigurationList;
			buildConfigurations = (
				F696B9062A8744B700634203 /* Debug */,
				F696B9072A8744B700634203 /* Release */,
			);
			defaultConfigurationIsVisible = 0;
			defaultConfigurationName = Release;
		};
		F696B9082A8744B700634203 /* Build configuration list for PBXNativeTarget "FirstOpenCV" */ = {
			isa = XCConfigurationList;
			buildConfigurations = (
				F696B9092A8744B700634203 /* Debug */,
				F696B90A2A8744B700634203 /* Release */,
			);
			defaultConfigurationIsVisible = 0;
			defaultConfigurationName = Release;
		};
/* End XCConfigurationList section */
	};
	rootObject = F696B8E72A8744B600634203 /* Project object */;
}
